
Microsoft Visual Studio Solution File, Format Version 12.00
# Visual Studio Version 17
VisualStudioVersion = 17.13.35825.156 d17.13
MinimumVisualStudioVersion = 10.0.40219.1
Project("{FAE04EC0-301F-11D3-BF4B-00C04F79EFBC}") = "PropExample", "PropExample.csproj", "{E6786017-ECE0-452D-87B3-890F0719DB95}"
EndProject
Global
	GlobalSection(SolutionConfigurationPlatforms) = preSolution
		Debug|Any CPU = Debug|Any CPU
		Release|Any CPU = Release|Any CPU
	EndGlobalSection
	GlobalSection(ProjectConfigurationPlatforms) = postSolution
		{E6786017-ECE0-452D-87B3-890F0719DB95}.Debug|Any CPU.ActiveCfg = Debug|Any CPU
		{E6786017-ECE0-452D-87B3-890F0719DB95}.Debug|Any CPU.Build.0 = Debug|Any CPU
		{E6786017-ECE0-452D-87B3-890F0719DB95}.Release|Any CPU.ActiveCfg = Release|Any CPU
		{E6786017-ECE0-452D-87B3-890F0719DB95}.Release|Any CPU.Build.0 = Release|Any CPU
	EndGlobalSection
	GlobalSection(SolutionProperties) = preSolution
		HideSolutionNode = FALSE
	EndGlobalSection
	GlobalSection(ExtensibilityGlobals) = postSolution
		SolutionGuid = {2A0F73BF-84EB-46F6-96C6-0A5411AC5ABD}
	EndGlobalSection
EndGlobal
